
Microsoft Visual Studio Solution File, Format Version 12.00
# Visual Studio Version 17
VisualStudioVersion = 17.8.34330.188
MinimumVisualStudioVersion = 10.0.40219.1
Project("{2150E333-8FDC-42A3-9474-1A3956D46DE8}") = "proto", "proto", "{ACD70398-B213-417E-915D-0C85BBBB9A1F}"
EndProject
Project("{2150E333-8FDC-42A3-9474-1A3956D46DE8}") = "etc", "etc", "{123CE494-47E9-4B70-BAFE-C8C680CDE295}"
	ProjectSection(SolutionItems) = preProject
		code.md = code.md
		etc\services.md = etc\services.md
	EndProjectSection
EndProject
Project("{2150E333-8FDC-42A3-9474-1A3956D46DE8}") = "udp", "udp", "{E012982C-A79A-4BBC-811E-D545CAA46AB8}"
EndProject
Project("{2150E333-8FDC-42A3-9474-1A3956D46DE8}") = "lib", "lib", "{B15AB2D1-892E-4C14-A06F-8BB13D86CA0C}"
EndProject
Project("{2150E333-8FDC-42A3-9474-1A3956D46DE8}") = "external", "external", "{27F102CC-F4CF-4065-8798-E5C96411E4F7}"
EndProject
Project("{2150E333-8FDC-42A3-9474-1A3956D46DE8}") = "app", "app", "{169D2DE5-1DC7-4326-9CCE-21711B57AFBA}"
EndProject
Project("{8BC9CEB8-8B4A-11D0-8D11-00A0C91BC942}") = "cpp", "external\cpp\cpp.vcxproj", "{27AC4216-98B1-45BB-B2F2-FDAB129254F7}"
EndProject
Project("{8BC9CEB8-8B4A-11D0-8D11-00A0C91BC942}") = "client", "lib\client\client.vcxproj", "{68DBF70E-AD35-4351-8DE2-454F6CFE91A1}"
EndProject
Project("{8BC9CEB8-8B4A-11D0-8D11-00A0C91BC942}") = "server", "lib\server\server.vcxproj", "{3D598EC9-90B9-42C8-9FAB-1A3ECF42CA9F}"
EndProject
Project("{8BC9CEB8-8B4A-11D0-8D11-00A0C91BC942}") = "arch", "lib\arch\arch.vcxproj", "{822099D0-9C75-4CD1-A6D7-399239338DB0}"
EndProject
Project("{8BC9CEB8-8B4A-11D0-8D11-00A0C91BC942}") = "match-maker", "proto\udp-p2p\match-maker.vcxproj", "{14919B79-EE48-4A04-BF02-98AD9FB3D1AE}"
EndProject
Project("{8BC9CEB8-8B4A-11D0-8D11-00A0C91BC942}") = "udp-p2p", "proto\udp-p2p\udp-p2p.vcxproj", "{57BEF075-323D-4F96-B6E5-3680E81F18B4}"
EndProject
Project("{8BC9CEB8-8B4A-11D0-8D11-00A0C91BC942}") = "architecture", "proto\architecture\architecture.vcxproj", "{2020FC4A-7F7E-415B-B26C-56BC20D35B62}"
EndProject
Project("{8BC9CEB8-8B4A-11D0-8D11-00A0C91BC942}") = "proto-proxy", "proto\proxy\proto-proxy.vcxproj", "{F079C817-331A-4379-803A-04011189BA8F}"
EndProject
Project("{8BC9CEB8-8B4A-11D0-8D11-00A0C91BC942}") = "scratch", "proto\scratch\scratch.vcxproj", "{2E952A7B-551B-4EF8-9F0C-936BEB943621}"
EndProject
Project("{8BC9CEB8-8B4A-11D0-8D11-00A0C91BC942}") = "things", "proto\things\things.vcxproj", "{DD4771C8-CB2F-4B71-9B43-AFB66515B89C}"
EndProject
Project("{8BC9CEB8-8B4A-11D0-8D11-00A0C91BC942}") = "proto-zone-server", "proto\zone-server\proto-zone-server.vcxproj", "{A1B567A6-A86D-49B4-82CE-026D19AF321E}"
EndProject
Global
	GlobalSection(SolutionConfigurationPlatforms) = preSolution
		Debug|x64 = Debug|x64
		Debug|x86 = Debug|x86
		Release|x64 = Release|x64
		Release|x86 = Release|x86
	EndGlobalSection
	GlobalSection(ProjectConfigurationPlatforms) = postSolution
		{27AC4216-98B1-45BB-B2F2-FDAB129254F7}.Debug|x64.ActiveCfg = Debug|x64
		{27AC4216-98B1-45BB-B2F2-FDAB129254F7}.Debug|x64.Build.0 = Debug|x64
		{27AC4216-98B1-45BB-B2F2-FDAB129254F7}.Debug|x86.ActiveCfg = Debug|x64
		{27AC4216-98B1-45BB-B2F2-FDAB129254F7}.Debug|x86.Build.0 = Debug|x64
		{27AC4216-98B1-45BB-B2F2-FDAB129254F7}.Release|x64.ActiveCfg = Release|x64
		{27AC4216-98B1-45BB-B2F2-FDAB129254F7}.Release|x64.Build.0 = Release|x64
		{27AC4216-98B1-45BB-B2F2-FDAB129254F7}.Release|x86.ActiveCfg = Release|x64
		{27AC4216-98B1-45BB-B2F2-FDAB129254F7}.Release|x86.Build.0 = Release|x64
		{68DBF70E-AD35-4351-8DE2-454F6CFE91A1}.Debug|x64.ActiveCfg = Debug|x64
		{68DBF70E-AD35-4351-8DE2-454F6CFE91A1}.Debug|x64.Build.0 = Debug|x64
		{68DBF70E-AD35-4351-8DE2-454F6CFE91A1}.Debug|x86.ActiveCfg = Debug|Win32
		{68DBF70E-AD35-4351-8DE2-454F6CFE91A1}.Debug|x86.Build.0 = Debug|Win32
		{68DBF70E-AD35-4351-8DE2-454F6CFE91A1}.Release|x64.ActiveCfg = Release|x64
		{68DBF70E-AD35-4351-8DE2-454F6CFE91A1}.Release|x64.Build.0 = Release|x64
		{68DBF70E-AD35-4351-8DE2-454F6CFE91A1}.Release|x86.ActiveCfg = Release|Win32
		{68DBF70E-AD35-4351-8DE2-454F6CFE91A1}.Release|x86.Build.0 = Release|Win32
		{3D598EC9-90B9-42C8-9FAB-1A3ECF42CA9F}.Debug|x64.ActiveCfg = Debug|x64
		{3D598EC9-90B9-42C8-9FAB-1A3ECF42CA9F}.Debug|x64.Build.0 = Debug|x64
		{3D598EC9-90B9-42C8-9FAB-1A3ECF42CA9F}.Debug|x86.ActiveCfg = Debug|Win32
		{3D598EC9-90B9-42C8-9FAB-1A3ECF42CA9F}.Debug|x86.Build.0 = Debug|Win32
		{3D598EC9-90B9-42C8-9FAB-1A3ECF42CA9F}.Release|x64.ActiveCfg = Release|x64
		{3D598EC9-90B9-42C8-9FAB-1A3ECF42CA9F}.Release|x64.Build.0 = Release|x64
		{3D598EC9-90B9-42C8-9FAB-1A3ECF42CA9F}.Release|x86.ActiveCfg = Release|Win32
		{3D598EC9-90B9-42C8-9FAB-1A3ECF42CA9F}.Release|x86.Build.0 = Release|Win32
		{822099D0-9C75-4CD1-A6D7-399239338DB0}.Debug|x64.ActiveCfg = Debug|x64
		{822099D0-9C75-4CD1-A6D7-399239338DB0}.Debug|x64.Build.0 = Debug|x64
		{822099D0-9C75-4CD1-A6D7-399239338DB0}.Debug|x86.ActiveCfg = Debug|Win32
		{822099D0-9C75-4CD1-A6D7-399239338DB0}.Debug|x86.Build.0 = Debug|Win32
		{822099D0-9C75-4CD1-A6D7-399239338DB0}.Release|x64.ActiveCfg = Release|x64
		{822099D0-9C75-4CD1-A6D7-399239338DB0}.Release|x64.Build.0 = Release|x64
		{822099D0-9C75-4CD1-A6D7-399239338DB0}.Release|x86.ActiveCfg = Release|Win32
		{822099D0-9C75-4CD1-A6D7-399239338DB0}.Release|x86.Build.0 = Release|Win32
		{14919B79-EE48-4A04-BF02-98AD9FB3D1AE}.Debug|x64.ActiveCfg = Debug|x64
		{14919B79-EE48-4A04-BF02-98AD9FB3D1AE}.Debug|x64.Build.0 = Debug|x64
		{14919B79-EE48-4A04-BF02-98AD9FB3D1AE}.Debug|x86.ActiveCfg = Debug|x64
		{14919B79-EE48-4A04-BF02-98AD9FB3D1AE}.Debug|x86.Build.0 = Debug|x64
		{14919B79-EE48-4A04-BF02-98AD9FB3D1AE}.Release|x64.ActiveCfg = Release|x64
		{14919B79-EE48-4A04-BF02-98AD9FB3D1AE}.Release|x64.Build.0 = Release|x64
		{14919B79-EE48-4A04-BF02-98AD9FB3D1AE}.Release|x86.ActiveCfg = Release|x64
		{14919B79-EE48-4A04-BF02-98AD9FB3D1AE}.Release|x86.Build.0 = Release|x64
		{57BEF075-323D-4F96-B6E5-3680E81F18B4}.Debug|x64.ActiveCfg = Debug|x64
		{57BEF075-323D-4F96-B6E5-3680E81F18B4}.Debug|x64.Build.0 = Debug|x64
		{57BEF075-323D-4F96-B6E5-3680E81F18B4}.Debug|x86.ActiveCfg = Debug|x64
		{57BEF075-323D-4F96-B6E5-3680E81F18B4}.Debug|x86.Build.0 = Debug|x64
		{57BEF075-323D-4F96-B6E5-3680E81F18B4}.Release|x64.ActiveCfg = Release|x64
		{57BEF075-323D-4F96-B6E5-3680E81F18B4}.Release|x64.Build.0 = Release|x64
		{57BEF075-323D-4F96-B6E5-3680E81F18B4}.Release|x86.ActiveCfg = Release|x64
		{57BEF075-323D-4F96-B6E5-3680E81F18B4}.Release|x86.Build.0 = Release|x64
		{2020FC4A-7F7E-415B-B26C-56BC20D35B62}.Debug|x64.ActiveCfg = Debug|x64
		{2020FC4A-7F7E-415B-B26C-56BC20D35B62}.Debug|x64.Build.0 = Debug|x64
		{2020FC4A-7F7E-415B-B26C-56BC20D35B62}.Debug|x86.ActiveCfg = Debug|x64
		{2020FC4A-7F7E-415B-B26C-56BC20D35B62}.Debug|x86.Build.0 = Debug|x64
		{2020FC4A-7F7E-415B-B26C-56BC20D35B62}.Release|x64.ActiveCfg = Release|x64
		{2020FC4A-7F7E-415B-B26C-56BC20D35B62}.Release|x64.Build.0 = Release|x64
		{2020FC4A-7F7E-415B-B26C-56BC20D35B62}.Release|x86.ActiveCfg = Release|x64
		{2020FC4A-7F7E-415B-B26C-56BC20D35B62}.Release|x86.Build.0 = Release|x64
		{F079C817-331A-4379-803A-04011189BA8F}.Debug|x64.ActiveCfg = Debug|x64
		{F079C817-331A-4379-803A-04011189BA8F}.Debug|x64.Build.0 = Debug|x64
		{F079C817-331A-4379-803A-04011189BA8F}.Debug|x86.ActiveCfg = Debug|x64
		{F079C817-331A-4379-803A-04011189BA8F}.Debug|x86.Build.0 = Debug|x64
		{F079C817-331A-4379-803A-04011189BA8F}.Release|x64.ActiveCfg = Release|x64
		{F079C817-331A-4379-803A-04011189BA8F}.Release|x64.Build.0 = Release|x64
		{F079C817-331A-4379-803A-04011189BA8F}.Release|x86.ActiveCfg = Release|x64
		{F079C817-331A-4379-803A-04011189BA8F}.Release|x86.Build.0 = Release|x64
		{2E952A7B-551B-4EF8-9F0C-936BEB943621}.Debug|x64.ActiveCfg = Debug|x64
		{2E952A7B-551B-4EF8-9F0C-936BEB943621}.Debug|x64.Build.0 = Debug|x64
		{2E952A7B-551B-4EF8-9F0C-936BEB943621}.Debug|x86.ActiveCfg = Debug|Win32
		{2E952A7B-551B-4EF8-9F0C-936BEB943621}.Debug|x86.Build.0 = Debug|Win32
		{2E952A7B-551B-4EF8-9F0C-936BEB943621}.Release|x64.ActiveCfg = Release|x64
		{2E952A7B-551B-4EF8-9F0C-936BEB943621}.Release|x64.Build.0 = Release|x64
		{2E952A7B-551B-4EF8-9F0C-936BEB943621}.Release|x86.ActiveCfg = Release|Win32
		{2E952A7B-551B-4EF8-9F0C-936BEB943621}.Release|x86.Build.0 = Release|Win32
		{DD4771C8-CB2F-4B71-9B43-AFB66515B89C}.Debug|x64.ActiveCfg = Debug|x64
		{DD4771C8-CB2F-4B71-9B43-AFB66515B89C}.Debug|x64.Build.0 = Debug|x64
		{DD4771C8-CB2F-4B71-9B43-AFB66515B89C}.Debug|x86.ActiveCfg = Debug|x64
		{DD4771C8-CB2F-4B71-9B43-AFB66515B89C}.Debug|x86.Build.0 = Debug|x64
		{DD4771C8-CB2F-4B71-9B43-AFB66515B89C}.Release|x64.ActiveCfg = Release|x64
		{DD4771C8-CB2F-4B71-9B43-AFB66515B89C}.Release|x64.Build.0 = Release|x64
		{DD4771C8-CB2F-4B71-9B43-AFB66515B89C}.Release|x86.ActiveCfg = Release|x64
		{DD4771C8-CB2F-4B71-9B43-AFB66515B89C}.Release|x86.Build.0 = Release|x64
		{A1B567A6-A86D-49B4-82CE-026D19AF321E}.Debug|x64.ActiveCfg = Debug|x64
		{A1B567A6-A86D-49B4-82CE-026D19AF321E}.Debug|x64.Build.0 = Debug|x64
		{A1B567A6-A86D-49B4-82CE-026D19AF321E}.Debug|x86.ActiveCfg = Debug|x64
		{A1B567A6-A86D-49B4-82CE-026D19AF321E}.Debug|x86.Build.0 = Debug|x64
		{A1B567A6-A86D-49B4-82CE-026D19AF321E}.Release|x64.ActiveCfg = Release|x64
		{A1B567A6-A86D-49B4-82CE-026D19AF321E}.Release|x64.Build.0 = Release|x64
		{A1B567A6-A86D-49B4-82CE-026D19AF321E}.Release|x86.ActiveCfg = Release|x64
		{A1B567A6-A86D-49B4-82CE-026D19AF321E}.Release|x86.Build.0 = Release|x64
	EndGlobalSection
	GlobalSection(SolutionProperties) = preSolution
		HideSolutionNode = FALSE
	EndGlobalSection
	GlobalSection(NestedProjects) = preSolution
		{E012982C-A79A-4BBC-811E-D545CAA46AB8} = {ACD70398-B213-417E-915D-0C85BBBB9A1F}
		{27AC4216-98B1-45BB-B2F2-FDAB129254F7} = {27F102CC-F4CF-4065-8798-E5C96411E4F7}
		{68DBF70E-AD35-4351-8DE2-454F6CFE91A1} = {B15AB2D1-892E-4C14-A06F-8BB13D86CA0C}
		{3D598EC9-90B9-42C8-9FAB-1A3ECF42CA9F} = {B15AB2D1-892E-4C14-A06F-8BB13D86CA0C}
		{822099D0-9C75-4CD1-A6D7-399239338DB0} = {B15AB2D1-892E-4C14-A06F-8BB13D86CA0C}
		{14919B79-EE48-4A04-BF02-98AD9FB3D1AE} = {E012982C-A79A-4BBC-811E-D545CAA46AB8}
		{57BEF075-323D-4F96-B6E5-3680E81F18B4} = {E012982C-A79A-4BBC-811E-D545CAA46AB8}
		{2020FC4A-7F7E-415B-B26C-56BC20D35B62} = {ACD70398-B213-417E-915D-0C85BBBB9A1F}
		{F079C817-331A-4379-803A-04011189BA8F} = {ACD70398-B213-417E-915D-0C85BBBB9A1F}
		{2E952A7B-551B-4EF8-9F0C-936BEB943621} = {ACD70398-B213-417E-915D-0C85BBBB9A1F}
		{DD4771C8-CB2F-4B71-9B43-AFB66515B89C} = {ACD70398-B213-417E-915D-0C85BBBB9A1F}
		{A1B567A6-A86D-49B4-82CE-026D19AF321E} = {ACD70398-B213-417E-915D-0C85BBBB9A1F}
	EndGlobalSection
	GlobalSection(ExtensibilityGlobals) = postSolution
		SolutionGuid = {D01DCCC3-9810-4F6B-934D-0D1B4501983D}
	EndGlobalSection
EndGlobal
