
Microsoft Visual Studio Solution File, Format Version 12.00
# Visual Studio Version 17
VisualStudioVersion = 17.8.34330.188
MinimumVisualStudioVersion = 10.0.40219.1
Project("{2150E333-8FDC-42A3-9474-1A3956D46DE8}") = "concept", "concept", "{ACD70398-B213-417E-915D-0C85BBBB9A1F}"
EndProject
Project("{8BC9CEB8-8B4A-11D0-8D11-00A0C91BC942}") = "architecture", "concept\architecture\architecture.vcxproj", "{18D95580-A5FB-4202-BF10-4F9744E82CE6}"
EndProject
Project("{8BC9CEB8-8B4A-11D0-8D11-00A0C91BC942}") = "things", "concept\things\things.vcxproj", "{2BFD98AD-7BE6-4025-9E4F-FB498F5165FB}"
EndProject
Project("{8BC9CEB8-8B4A-11D0-8D11-00A0C91BC942}") = "proto-proxy", "concept\proxy\proto-proxy.vcxproj", "{E3822ADA-B847-4281-AD67-5B8A0B6CE6E5}"
EndProject
Project("{8BC9CEB8-8B4A-11D0-8D11-00A0C91BC942}") = "proto-zone-server", "concept\zone-server\proto-zone-server.vcxproj", "{A5FCD671-20AA-4E9E-AE0C-EEEF751F6D33}"
EndProject
Project("{2150E333-8FDC-42A3-9474-1A3956D46DE8}") = "utility", "utility", "{123CE494-47E9-4B70-BAFE-C8C680CDE295}"
EndProject
Project("{2150E333-8FDC-42A3-9474-1A3956D46DE8}") = "server", "server", "{B0EC9B59-5770-42BA-B708-E406DA990707}"
EndProject
Project("{2150E333-8FDC-42A3-9474-1A3956D46DE8}") = "client", "client", "{F41126D5-DFF1-4EA3-94F3-BCD1C12A2466}"
EndProject
Project("{2150E333-8FDC-42A3-9474-1A3956D46DE8}") = "udp", "udp", "{E012982C-A79A-4BBC-811E-D545CAA46AB8}"
EndProject
Project("{8BC9CEB8-8B4A-11D0-8D11-00A0C91BC942}") = "udp-p2p", "concept\udp-p2p\udp-p2p.vcxproj", "{1C0306E4-0ADC-451C-9D1C-E4ABB7C40644}"
EndProject
Project("{8BC9CEB8-8B4A-11D0-8D11-00A0C91BC942}") = "match-maker", "concept\udp-p2p\match-maker.vcxproj", "{0783247D-DE2A-4A92-BD41-6D9FED941B42}"
EndProject
Project("{2150E333-8FDC-42A3-9474-1A3956D46DE8}") = "lib", "lib", "{B15AB2D1-892E-4C14-A06F-8BB13D86CA0C}"
EndProject
Project("{8BC9CEB8-8B4A-11D0-8D11-00A0C91BC942}") = "cpp", "..\cpp\cpp.vcxproj", "{27AC4216-98B1-45BB-B2F2-FDAB129254F7}"
EndProject
Project("{8BC9CEB8-8B4A-11D0-8D11-00A0C91BC942}") = "async", "..\async\async.vcxproj", "{77C4601E-BA4E-410C-98CD-FD08701DE057}"
EndProject
Global
	GlobalSection(SolutionConfigurationPlatforms) = preSolution
		Debug|x64 = Debug|x64
		Release|x64 = Release|x64
	EndGlobalSection
	GlobalSection(ProjectConfigurationPlatforms) = postSolution
		{18D95580-A5FB-4202-BF10-4F9744E82CE6}.Debug|x64.ActiveCfg = Debug|x64
		{18D95580-A5FB-4202-BF10-4F9744E82CE6}.Debug|x64.Build.0 = Debug|x64
		{18D95580-A5FB-4202-BF10-4F9744E82CE6}.Release|x64.ActiveCfg = Release|x64
		{18D95580-A5FB-4202-BF10-4F9744E82CE6}.Release|x64.Build.0 = Release|x64
		{2BFD98AD-7BE6-4025-9E4F-FB498F5165FB}.Debug|x64.ActiveCfg = Debug|x64
		{2BFD98AD-7BE6-4025-9E4F-FB498F5165FB}.Debug|x64.Build.0 = Debug|x64
		{2BFD98AD-7BE6-4025-9E4F-FB498F5165FB}.Release|x64.ActiveCfg = Release|x64
		{2BFD98AD-7BE6-4025-9E4F-FB498F5165FB}.Release|x64.Build.0 = Release|x64
		{E3822ADA-B847-4281-AD67-5B8A0B6CE6E5}.Debug|x64.ActiveCfg = Debug|x64
		{E3822ADA-B847-4281-AD67-5B8A0B6CE6E5}.Debug|x64.Build.0 = Debug|x64
		{E3822ADA-B847-4281-AD67-5B8A0B6CE6E5}.Release|x64.ActiveCfg = Release|x64
		{E3822ADA-B847-4281-AD67-5B8A0B6CE6E5}.Release|x64.Build.0 = Release|x64
		{A5FCD671-20AA-4E9E-AE0C-EEEF751F6D33}.Debug|x64.ActiveCfg = Debug|x64
		{A5FCD671-20AA-4E9E-AE0C-EEEF751F6D33}.Debug|x64.Build.0 = Debug|x64
		{A5FCD671-20AA-4E9E-AE0C-EEEF751F6D33}.Release|x64.ActiveCfg = Release|x64
		{A5FCD671-20AA-4E9E-AE0C-EEEF751F6D33}.Release|x64.Build.0 = Release|x64
		{1C0306E4-0ADC-451C-9D1C-E4ABB7C40644}.Debug|x64.ActiveCfg = Debug|x64
		{1C0306E4-0ADC-451C-9D1C-E4ABB7C40644}.Debug|x64.Build.0 = Debug|x64
		{1C0306E4-0ADC-451C-9D1C-E4ABB7C40644}.Release|x64.ActiveCfg = Release|x64
		{1C0306E4-0ADC-451C-9D1C-E4ABB7C40644}.Release|x64.Build.0 = Release|x64
		{0783247D-DE2A-4A92-BD41-6D9FED941B42}.Debug|x64.ActiveCfg = Debug|x64
		{0783247D-DE2A-4A92-BD41-6D9FED941B42}.Debug|x64.Build.0 = Debug|x64
		{0783247D-DE2A-4A92-BD41-6D9FED941B42}.Release|x64.ActiveCfg = Release|x64
		{0783247D-DE2A-4A92-BD41-6D9FED941B42}.Release|x64.Build.0 = Release|x64
		{27AC4216-98B1-45BB-B2F2-FDAB129254F7}.Debug|x64.ActiveCfg = Debug|x64
		{27AC4216-98B1-45BB-B2F2-FDAB129254F7}.Debug|x64.Build.0 = Debug|x64
		{27AC4216-98B1-45BB-B2F2-FDAB129254F7}.Release|x64.ActiveCfg = Release|x64
		{27AC4216-98B1-45BB-B2F2-FDAB129254F7}.Release|x64.Build.0 = Release|x64
		{77C4601E-BA4E-410C-98CD-FD08701DE057}.Debug|x64.ActiveCfg = Debug|x64
		{77C4601E-BA4E-410C-98CD-FD08701DE057}.Debug|x64.Build.0 = Debug|x64
		{77C4601E-BA4E-410C-98CD-FD08701DE057}.Release|x64.ActiveCfg = Release|x64
		{77C4601E-BA4E-410C-98CD-FD08701DE057}.Release|x64.Build.0 = Release|x64
	EndGlobalSection
	GlobalSection(SolutionProperties) = preSolution
		HideSolutionNode = FALSE
	EndGlobalSection
	GlobalSection(NestedProjects) = preSolution
		{18D95580-A5FB-4202-BF10-4F9744E82CE6} = {ACD70398-B213-417E-915D-0C85BBBB9A1F}
		{2BFD98AD-7BE6-4025-9E4F-FB498F5165FB} = {ACD70398-B213-417E-915D-0C85BBBB9A1F}
		{E3822ADA-B847-4281-AD67-5B8A0B6CE6E5} = {ACD70398-B213-417E-915D-0C85BBBB9A1F}
		{A5FCD671-20AA-4E9E-AE0C-EEEF751F6D33} = {ACD70398-B213-417E-915D-0C85BBBB9A1F}
		{E012982C-A79A-4BBC-811E-D545CAA46AB8} = {ACD70398-B213-417E-915D-0C85BBBB9A1F}
		{1C0306E4-0ADC-451C-9D1C-E4ABB7C40644} = {E012982C-A79A-4BBC-811E-D545CAA46AB8}
		{0783247D-DE2A-4A92-BD41-6D9FED941B42} = {E012982C-A79A-4BBC-811E-D545CAA46AB8}
		{27AC4216-98B1-45BB-B2F2-FDAB129254F7} = {B15AB2D1-892E-4C14-A06F-8BB13D86CA0C}
		{77C4601E-BA4E-410C-98CD-FD08701DE057} = {B15AB2D1-892E-4C14-A06F-8BB13D86CA0C}
	EndGlobalSection
	GlobalSection(ExtensibilityGlobals) = postSolution
		SolutionGuid = {D01DCCC3-9810-4F6B-934D-0D1B4501983D}
	EndGlobalSection
EndGlobal
