
Microsoft Visual Studio Solution File, Format Version 12.00
# Visual Studio Version 16
VisualStudioVersion = 16.0.31410.223
MinimumVisualStudioVersion = 10.0.40219.1
Project("{8BC9CEB8-8B4A-11D0-8D11-00A0C91BC942}") = "udp-p2p", "udp-p2p.vcxproj", "{1C0306E4-0ADC-451C-9D1C-E4ABB7C40644}"
EndProject
Project("{8BC9CEB8-8B4A-11D0-8D11-00A0C91BC942}") = "match-maker", "match-maker.vcxproj", "{0783247D-DE2A-4A92-BD41-6D9FED941B42}"
EndProject
Project("{2150E333-8FDC-42A3-9474-1A3956D46DE8}") = "lib", "lib", "{8301E5A3-E409-47F4-9DBB-F4FDE7AFAFB5}"
EndProject
Project("{8BC9CEB8-8B4A-11D0-8D11-00A0C91BC942}") = "cpp", "..\..\..\cpp\cpp.vcxproj", "{27AC4216-98B1-45BB-B2F2-FDAB129254F7}"
EndProject
Project("{8BC9CEB8-8B4A-11D0-8D11-00A0C91BC942}") = "async", "..\..\..\async\async.vcxproj", "{77C4601E-BA4E-410C-98CD-FD08701DE057}"
EndProject
Global
	GlobalSection(SolutionConfigurationPlatforms) = preSolution
		Debug|x64 = Debug|x64
		Release|x64 = Release|x64
	EndGlobalSection
	GlobalSection(ProjectConfigurationPlatforms) = postSolution
		{1C0306E4-0ADC-451C-9D1C-E4ABB7C40644}.Debug|x64.ActiveCfg = Debug|x64
		{1C0306E4-0ADC-451C-9D1C-E4ABB7C40644}.Debug|x64.Build.0 = Debug|x64
		{1C0306E4-0ADC-451C-9D1C-E4ABB7C40644}.Release|x64.ActiveCfg = Release|x64
		{1C0306E4-0ADC-451C-9D1C-E4ABB7C40644}.Release|x64.Build.0 = Release|x64
		{0783247D-DE2A-4A92-BD41-6D9FED941B42}.Debug|x64.ActiveCfg = Debug|x64
		{0783247D-DE2A-4A92-BD41-6D9FED941B42}.Debug|x64.Build.0 = Debug|x64
		{0783247D-DE2A-4A92-BD41-6D9FED941B42}.Release|x64.ActiveCfg = Release|x64
		{0783247D-DE2A-4A92-BD41-6D9FED941B42}.Release|x64.Build.0 = Release|x64
		{27AC4216-98B1-45BB-B2F2-FDAB129254F7}.Debug|x64.ActiveCfg = Debug|x64
		{27AC4216-98B1-45BB-B2F2-FDAB129254F7}.Debug|x64.Build.0 = Debug|x64
		{27AC4216-98B1-45BB-B2F2-FDAB129254F7}.Release|x64.ActiveCfg = Release|x64
		{27AC4216-98B1-45BB-B2F2-FDAB129254F7}.Release|x64.Build.0 = Release|x64
		{77C4601E-BA4E-410C-98CD-FD08701DE057}.Debug|x64.ActiveCfg = Debug|x64
		{77C4601E-BA4E-410C-98CD-FD08701DE057}.Debug|x64.Build.0 = Debug|x64
		{77C4601E-BA4E-410C-98CD-FD08701DE057}.Release|x64.ActiveCfg = Release|x64
		{77C4601E-BA4E-410C-98CD-FD08701DE057}.Release|x64.Build.0 = Release|x64
	EndGlobalSection
	GlobalSection(SolutionProperties) = preSolution
		HideSolutionNode = FALSE
	EndGlobalSection
	GlobalSection(NestedProjects) = preSolution
		{27AC4216-98B1-45BB-B2F2-FDAB129254F7} = {8301E5A3-E409-47F4-9DBB-F4FDE7AFAFB5}
		{77C4601E-BA4E-410C-98CD-FD08701DE057} = {8301E5A3-E409-47F4-9DBB-F4FDE7AFAFB5}
	EndGlobalSection
	GlobalSection(ExtensibilityGlobals) = postSolution
		SolutionGuid = {DD3904B4-4232-4944-90E7-F8C0C843CCE0}
	EndGlobalSection
EndGlobal
